
Microsoft Visual Studio Solution File, Format Version 12.00
Project("{FAE04EC0-301F-11D3-BF4B-00C04F79EFBC}") = "MyDestiny", "MyDestiny\MyDestiny.csproj", "{9526CB14-1B65-4460-97CB-BDB0D41A00E0}"
EndProject
Global
	GlobalSection(SolutionConfigurationPlatforms) = preSolution
		Debug|Any CPU = Debug|Any CPU
		Release|Any CPU = Release|Any CPU
	EndGlobalSection
	GlobalSection(ProjectConfigurationPlatforms) = postSolution
		{9526CB14-1B65-4460-97CB-BDB0D41A00E0}.Debug|Any CPU.ActiveCfg = Debug|Any CPU
		{9526CB14-1B65-4460-97CB-BDB0D41A00E0}.Debug|Any CPU.Build.0 = Debug|Any CPU
		{9526CB14-1B65-4460-97CB-BDB0D41A00E0}.Release|Any CPU.ActiveCfg = Release|Any CPU
		{9526CB14-1B65-4460-97CB-BDB0D41A00E0}.Release|Any CPU.Build.0 = Release|Any CPU
	EndGlobalSection
EndGlobal
